
Microsoft Visual Studio Solution File, Format Version 12.00
# Visual Studio Version 17
VisualStudioVersion = 17.10.35013.160
MinimumVisualStudioVersion = 10.0.40219.1
Project("{FAE04EC0-301F-11D3-BF4B-00C04F79EFBC}") = "Collection In C#", "Collection In C#\Collection In C#.csproj", "{F75DE7F0-ABCF-4D28-8356-5375D9CDBE02}"
EndProject
Global
	GlobalSection(SolutionConfigurationPlatforms) = preSolution
		Debug|Any CPU = Debug|Any CPU
		Release|Any CPU = Release|Any CPU
	EndGlobalSection
	GlobalSection(ProjectConfigurationPlatforms) = postSolution
		{F75DE7F0-ABCF-4D28-8356-5375D9CDBE02}.Debug|Any CPU.ActiveCfg = Debug|Any CPU
		{F75DE7F0-ABCF-4D28-8356-5375D9CDBE02}.Debug|Any CPU.Build.0 = Debug|Any CPU
		{F75DE7F0-ABCF-4D28-8356-5375D9CDBE02}.Release|Any CPU.ActiveCfg = Release|Any CPU
		{F75DE7F0-ABCF-4D28-8356-5375D9CDBE02}.Release|Any CPU.Build.0 = Release|Any CPU
	EndGlobalSection
	GlobalSection(SolutionProperties) = preSolution
		HideSolutionNode = FALSE
	EndGlobalSection
	GlobalSection(ExtensibilityGlobals) = postSolution
		SolutionGuid = {B8AF0385-07C6-43DA-A9B8-E8940C311D76}
	EndGlobalSection
EndGlobal
